
Microsoft Visual Studio Solution File, Format Version 12.00
# Visual Studio Version 16
VisualStudioVersion = 16.0.30128.74
MinimumVisualStudioVersion = 10.0.40219.1
Project("{FAE04EC0-301F-11D3-BF4B-00C04F79EFBC}") = "MAPIWrapper", "MAPIWrapper\MAPIWrapper.csproj", "{D2946D97-194C-4E91-8D6D-4B1A5089B679}"
EndProject
Project("{FAE04EC0-301F-11D3-BF4B-00C04F79EFBC}") = "MAPIClient", "MAPIClient\MAPIClient.csproj", "{BFF71526-82D8-4349-ADF3-6A36B3E58F96}"
EndProject
Project("{FAE04EC0-301F-11D3-BF4B-00C04F79EFBC}") = "MAPIWrapper.Tests", "MAPIWrapper.Tests\MAPIWrapper.Tests.csproj", "{9B00463F-60BF-419E-8EA0-4DAE7D0D9F09}"
EndProject
Project("{2150E333-8FDC-42A3-9474-1A3956D46DE8}") = "Build", "Build", "{AB132A94-9431-44D1-B319-7ADCFBFFE0C4}"
	ProjectSection(SolutionItems) = preProject
		.gitignore = .gitignore
		build.cake = build.cake
		build.ps1 = build.ps1
		LICENSE = LICENSE
		.nuget\NuGet.config = .nuget\NuGet.config
		README.md = README.md
		SolutionAssemblyInfo.cs = SolutionAssemblyInfo.cs
	EndProjectSection
EndProject
Global
	GlobalSection(SolutionConfigurationPlatforms) = preSolution
		Debug|Any CPU = Debug|Any CPU
		Release|Any CPU = Release|Any CPU
	EndGlobalSection
	GlobalSection(ProjectConfigurationPlatforms) = postSolution
		{D2946D97-194C-4E91-8D6D-4B1A5089B679}.Debug|Any CPU.ActiveCfg = Debug|Any CPU
		{D2946D97-194C-4E91-8D6D-4B1A5089B679}.Debug|Any CPU.Build.0 = Debug|Any CPU
		{D2946D97-194C-4E91-8D6D-4B1A5089B679}.Release|Any CPU.ActiveCfg = Release|Any CPU
		{D2946D97-194C-4E91-8D6D-4B1A5089B679}.Release|Any CPU.Build.0 = Release|Any CPU
		{BFF71526-82D8-4349-ADF3-6A36B3E58F96}.Debug|Any CPU.ActiveCfg = Debug|Any CPU
		{BFF71526-82D8-4349-ADF3-6A36B3E58F96}.Debug|Any CPU.Build.0 = Debug|Any CPU
		{BFF71526-82D8-4349-ADF3-6A36B3E58F96}.Release|Any CPU.ActiveCfg = Release|Any CPU
		{BFF71526-82D8-4349-ADF3-6A36B3E58F96}.Release|Any CPU.Build.0 = Release|Any CPU
		{9B00463F-60BF-419E-8EA0-4DAE7D0D9F09}.Debug|Any CPU.ActiveCfg = Debug|Any CPU
		{9B00463F-60BF-419E-8EA0-4DAE7D0D9F09}.Debug|Any CPU.Build.0 = Debug|Any CPU
		{9B00463F-60BF-419E-8EA0-4DAE7D0D9F09}.Release|Any CPU.ActiveCfg = Release|Any CPU
		{9B00463F-60BF-419E-8EA0-4DAE7D0D9F09}.Release|Any CPU.Build.0 = Release|Any CPU
	EndGlobalSection
	GlobalSection(SolutionProperties) = preSolution
		HideSolutionNode = FALSE
	EndGlobalSection
	GlobalSection(ExtensibilityGlobals) = postSolution
		SolutionGuid = {25115412-5A10-47C9-8482-B7E1911B524D}
	EndGlobalSection
EndGlobal
